
Microsoft Visual Studio Solution File, Format Version 12.00
# Visual Studio Version 17
VisualStudioVersion = 17.14.36109.1 d17.14
MinimumVisualStudioVersion = 10.0.40219.1
Project("{FAE04EC0-301F-11D3-BF4B-00C04F79EFBC}") = "DTOs", "DTOs\DTOs.csproj", "{66049203-5ED2-4747-AA36-CFC67D7F65B6}"
EndProject
Project("{2150E333-8FDC-42A3-9474-1A3956D46DE8}") = "0_DTOs", "0_DTOs", "{02EA681E-C7D8-13C7-8484-4AC65E1B71E8}"
EndProject
Project("{2150E333-8FDC-42A3-9474-1A3956D46DE8}") = "1_DataAccess", "1_DataAccess", "{3D5F0C62-55AA-4685-89D4-C24119FA1DBC}"
EndProject
Project("{FAE04EC0-301F-11D3-BF4B-00C04F79EFBC}") = "DataAccess", "DataAccess\DataAccess.csproj", "{9C0060BC-FD9C-44C0-B333-50A57320EB65}"
EndProject
Project("{2150E333-8FDC-42A3-9474-1A3956D46DE8}") = "2_CoreApp", "2_CoreApp", "{759EAB06-77C9-4098-8835-1510F9145DFE}"
EndProject
Project("{FAE04EC0-301F-11D3-BF4B-00C04F79EFBC}") = "CoreApp", "CoreApp\CoreApp.csproj", "{1A1CBD64-8665-42CF-B87A-1F54320CBCDF}"
EndProject
Project("{2150E333-8FDC-42A3-9474-1A3956D46DE8}") = "3_Execeptions", "3_Execeptions", "{5D7DA7AF-99F9-4949-A7AA-A9789B2AA700}"
EndProject
Project("{FAE04EC0-301F-11D3-BF4B-00C04F79EFBC}") = "ExecptionsManager", "ExecptionsManager\ExecptionsManager.csproj", "{CECC12C3-4B65-459C-B662-3E051A948DFA}"
EndProject
Project("{2150E333-8FDC-42A3-9474-1A3956D46DE8}") = "4_WebApi", "4_WebApi", "{DD317BD4-26EE-4D62-9A5D-7EBEB542830A}"
EndProject
Project("{FAE04EC0-301F-11D3-BF4B-00C04F79EFBC}") = "WebAPI", "WebAPI\WebAPI.csproj", "{8E4180CC-5815-4A10-999D-15D586EB3592}"
EndProject
Project("{2150E333-8FDC-42A3-9474-1A3956D46DE8}") = "5_WebApp", "5_WebApp", "{13110DD6-C32D-4559-A7AA-49A57F0C0DF1}"
EndProject
Project("{FAE04EC0-301F-11D3-BF4B-00C04F79EFBC}") = "WebApp", "WebApp\WebApp.csproj", "{A933D9E4-EE04-44EF-87BC-B585E80B57E4}"
EndProject
Project("{2150E333-8FDC-42A3-9474-1A3956D46DE8}") = "99_Testing", "99_Testing", "{4BE24469-C5CA-47A7-BEAA-D8B31000D6F3}"
EndProject
Project("{FAE04EC0-301F-11D3-BF4B-00C04F79EFBC}") = "DevTester", "DevTester\DevTester.csproj", "{2EC4E57F-7D05-44E1-ADE4-59749ACC4B77}"
EndProject
Global
	GlobalSection(SolutionConfigurationPlatforms) = preSolution
		Debug|Any CPU = Debug|Any CPU
		Release|Any CPU = Release|Any CPU
	EndGlobalSection
	GlobalSection(ProjectConfigurationPlatforms) = postSolution
		{66049203-5ED2-4747-AA36-CFC67D7F65B6}.Debug|Any CPU.ActiveCfg = Debug|Any CPU
		{66049203-5ED2-4747-AA36-CFC67D7F65B6}.Debug|Any CPU.Build.0 = Debug|Any CPU
		{66049203-5ED2-4747-AA36-CFC67D7F65B6}.Release|Any CPU.ActiveCfg = Release|Any CPU
		{66049203-5ED2-4747-AA36-CFC67D7F65B6}.Release|Any CPU.Build.0 = Release|Any CPU
		{9C0060BC-FD9C-44C0-B333-50A57320EB65}.Debug|Any CPU.ActiveCfg = Debug|Any CPU
		{9C0060BC-FD9C-44C0-B333-50A57320EB65}.Debug|Any CPU.Build.0 = Debug|Any CPU
		{9C0060BC-FD9C-44C0-B333-50A57320EB65}.Release|Any CPU.ActiveCfg = Release|Any CPU
		{9C0060BC-FD9C-44C0-B333-50A57320EB65}.Release|Any CPU.Build.0 = Release|Any CPU
		{1A1CBD64-8665-42CF-B87A-1F54320CBCDF}.Debug|Any CPU.ActiveCfg = Debug|Any CPU
		{1A1CBD64-8665-42CF-B87A-1F54320CBCDF}.Debug|Any CPU.Build.0 = Debug|Any CPU
		{1A1CBD64-8665-42CF-B87A-1F54320CBCDF}.Release|Any CPU.ActiveCfg = Release|Any CPU
		{1A1CBD64-8665-42CF-B87A-1F54320CBCDF}.Release|Any CPU.Build.0 = Release|Any CPU
		{CECC12C3-4B65-459C-B662-3E051A948DFA}.Debug|Any CPU.ActiveCfg = Debug|Any CPU
		{CECC12C3-4B65-459C-B662-3E051A948DFA}.Debug|Any CPU.Build.0 = Debug|Any CPU
		{CECC12C3-4B65-459C-B662-3E051A948DFA}.Release|Any CPU.ActiveCfg = Release|Any CPU
		{CECC12C3-4B65-459C-B662-3E051A948DFA}.Release|Any CPU.Build.0 = Release|Any CPU
		{8E4180CC-5815-4A10-999D-15D586EB3592}.Debug|Any CPU.ActiveCfg = Debug|Any CPU
		{8E4180CC-5815-4A10-999D-15D586EB3592}.Debug|Any CPU.Build.0 = Debug|Any CPU
		{8E4180CC-5815-4A10-999D-15D586EB3592}.Release|Any CPU.ActiveCfg = Release|Any CPU
		{8E4180CC-5815-4A10-999D-15D586EB3592}.Release|Any CPU.Build.0 = Release|Any CPU
		{A933D9E4-EE04-44EF-87BC-B585E80B57E4}.Debug|Any CPU.ActiveCfg = Debug|Any CPU
		{A933D9E4-EE04-44EF-87BC-B585E80B57E4}.Debug|Any CPU.Build.0 = Debug|Any CPU
		{A933D9E4-EE04-44EF-87BC-B585E80B57E4}.Release|Any CPU.ActiveCfg = Release|Any CPU
		{A933D9E4-EE04-44EF-87BC-B585E80B57E4}.Release|Any CPU.Build.0 = Release|Any CPU
		{2EC4E57F-7D05-44E1-ADE4-59749ACC4B77}.Debug|Any CPU.ActiveCfg = Debug|Any CPU
		{2EC4E57F-7D05-44E1-ADE4-59749ACC4B77}.Debug|Any CPU.Build.0 = Debug|Any CPU
		{2EC4E57F-7D05-44E1-ADE4-59749ACC4B77}.Release|Any CPU.ActiveCfg = Release|Any CPU
		{2EC4E57F-7D05-44E1-ADE4-59749ACC4B77}.Release|Any CPU.Build.0 = Release|Any CPU
	EndGlobalSection
	GlobalSection(SolutionProperties) = preSolution
		HideSolutionNode = FALSE
	EndGlobalSection
	GlobalSection(NestedProjects) = preSolution
		{66049203-5ED2-4747-AA36-CFC67D7F65B6} = {02EA681E-C7D8-13C7-8484-4AC65E1B71E8}
		{9C0060BC-FD9C-44C0-B333-50A57320EB65} = {3D5F0C62-55AA-4685-89D4-C24119FA1DBC}
		{1A1CBD64-8665-42CF-B87A-1F54320CBCDF} = {759EAB06-77C9-4098-8835-1510F9145DFE}
		{CECC12C3-4B65-459C-B662-3E051A948DFA} = {5D7DA7AF-99F9-4949-A7AA-A9789B2AA700}
		{8E4180CC-5815-4A10-999D-15D586EB3592} = {DD317BD4-26EE-4D62-9A5D-7EBEB542830A}
		{A933D9E4-EE04-44EF-87BC-B585E80B57E4} = {13110DD6-C32D-4559-A7AA-49A57F0C0DF1}
		{2EC4E57F-7D05-44E1-ADE4-59749ACC4B77} = {4BE24469-C5CA-47A7-BEAA-D8B31000D6F3}
	EndGlobalSection
	GlobalSection(ExtensibilityGlobals) = postSolution
		SolutionGuid = {DABC06CB-A9C4-4C88-A935-6CA599F18381}
	EndGlobalSection
EndGlobal
